
Microsoft Visual Studio Solution File, Format Version 12.00
# Visual Studio Version 17
VisualStudioVersion = 17.10.35013.160
MinimumVisualStudioVersion = 10.0.40219.1
Project("{9A19103F-16F7-4668-BE54-9A1E7A4F7556}") = "Library_NPR321", "Library_NPR321\Library_NPR321.csproj", "{920B2280-1118-4168-A886-E26A98E12E5C}"
EndProject
Global
	GlobalSection(SolutionConfigurationPlatforms) = preSolution
		Debug|Any CPU = Debug|Any CPU
		Release|Any CPU = Release|Any CPU
	EndGlobalSection
	GlobalSection(ProjectConfigurationPlatforms) = postSolution
		{920B2280-1118-4168-A886-E26A98E12E5C}.Debug|Any CPU.ActiveCfg = Debug|Any CPU
		{920B2280-1118-4168-A886-E26A98E12E5C}.Debug|Any CPU.Build.0 = Debug|Any CPU
		{920B2280-1118-4168-A886-E26A98E12E5C}.Release|Any CPU.ActiveCfg = Release|Any CPU
		{920B2280-1118-4168-A886-E26A98E12E5C}.Release|Any CPU.Build.0 = Release|Any CPU
	EndGlobalSection
	GlobalSection(SolutionProperties) = preSolution
		HideSolutionNode = FALSE
	EndGlobalSection
	GlobalSection(ExtensibilityGlobals) = postSolution
		SolutionGuid = {18968F91-6BF4-4763-8912-D132912441C8}
	EndGlobalSection
EndGlobal
